
Microsoft Visual Studio Solution File, Format Version 12.00
# Visual Studio Version 17
VisualStudioVersion = 17.4.33213.308
MinimumVisualStudioVersion = 10.0.40219.1
Project("{FAE04EC0-301F-11D3-BF4B-00C04F79EFBC}") = "NopCommerce", "NopCommerce\NopCommerce.csproj", "{DC35F4B6-A06A-4012-BC6F-2C2BA4D01AE1}"
EndProject
Global
	GlobalSection(SolutionConfigurationPlatforms) = preSolution
		Debug|Any CPU = Debug|Any CPU
		Release|Any CPU = Release|Any CPU
	EndGlobalSection
	GlobalSection(ProjectConfigurationPlatforms) = postSolution
		{DC35F4B6-A06A-4012-BC6F-2C2BA4D01AE1}.Debug|Any CPU.ActiveCfg = Debug|Any CPU
		{DC35F4B6-A06A-4012-BC6F-2C2BA4D01AE1}.Debug|Any CPU.Build.0 = Debug|Any CPU
		{DC35F4B6-A06A-4012-BC6F-2C2BA4D01AE1}.Release|Any CPU.ActiveCfg = Release|Any CPU
		{DC35F4B6-A06A-4012-BC6F-2C2BA4D01AE1}.Release|Any CPU.Build.0 = Release|Any CPU
	EndGlobalSection
	GlobalSection(SolutionProperties) = preSolution
		HideSolutionNode = FALSE
	EndGlobalSection
	GlobalSection(ExtensibilityGlobals) = postSolution
		SolutionGuid = {7B679879-7352-4D3E-B115-D907CB31E6DA}
	EndGlobalSection
EndGlobal
